
Microsoft Visual Studio Solution File, Format Version 12.00
# Visual Studio Version 17
VisualStudioVersion = 17.14.35906.104
MinimumVisualStudioVersion = 10.0.40219.1
Project("{FAE04EC0-301F-11D3-BF4B-00C04F79EFBC}") = "VL.Avalonia", "VL.Avalonia\src\VL.Avalonia.csproj", "{88EF5DE4-FC95-52C7-F36D-F0366FF77315}"
EndProject
Project("{FAE04EC0-301F-11D3-BF4B-00C04F79EFBC}") = "VL.Avalonia.Themes.Fluent", "VL.Avalonia.Themes.Fluent\src\VL.Avalonia.Themes.Fluent.csproj", "{B630A255-E49C-0009-119D-595F1DFCE1D5}"
EndProject
Project("{FAE04EC0-301F-11D3-BF4B-00C04F79EFBC}") = "VL.Avalonia.CodeGen", "VL.Avalonia.CodeGen\VL.Avalonia.CodeGen.csproj", "{48081AAB-3B6B-44A4-B4AD-DE90523C8ACC}"
EndProject
Global
	GlobalSection(SolutionConfigurationPlatforms) = preSolution
		Debug|Any CPU = Debug|Any CPU
		Release|Any CPU = Release|Any CPU
	EndGlobalSection
	GlobalSection(ProjectConfigurationPlatforms) = postSolution
		{88EF5DE4-FC95-52C7-F36D-F0366FF77315}.Debug|Any CPU.ActiveCfg = Debug|Any CPU
		{88EF5DE4-FC95-52C7-F36D-F0366FF77315}.Debug|Any CPU.Build.0 = Debug|Any CPU
		{88EF5DE4-FC95-52C7-F36D-F0366FF77315}.Release|Any CPU.ActiveCfg = Release|Any CPU
		{88EF5DE4-FC95-52C7-F36D-F0366FF77315}.Release|Any CPU.Build.0 = Release|Any CPU
		{B630A255-E49C-0009-119D-595F1DFCE1D5}.Debug|Any CPU.ActiveCfg = Debug|Any CPU
		{B630A255-E49C-0009-119D-595F1DFCE1D5}.Debug|Any CPU.Build.0 = Debug|Any CPU
		{B630A255-E49C-0009-119D-595F1DFCE1D5}.Release|Any CPU.ActiveCfg = Release|Any CPU
		{B630A255-E49C-0009-119D-595F1DFCE1D5}.Release|Any CPU.Build.0 = Release|Any CPU
		{48081AAB-3B6B-44A4-B4AD-DE90523C8ACC}.Debug|Any CPU.ActiveCfg = Debug|Any CPU
		{48081AAB-3B6B-44A4-B4AD-DE90523C8ACC}.Debug|Any CPU.Build.0 = Debug|Any CPU
		{48081AAB-3B6B-44A4-B4AD-DE90523C8ACC}.Release|Any CPU.ActiveCfg = Release|Any CPU
		{48081AAB-3B6B-44A4-B4AD-DE90523C8ACC}.Release|Any CPU.Build.0 = Release|Any CPU
	EndGlobalSection
	GlobalSection(SolutionProperties) = preSolution
		HideSolutionNode = FALSE
	EndGlobalSection
	GlobalSection(ExtensibilityGlobals) = postSolution
		SolutionGuid = {F783E35F-94DD-4CC2-93B7-3DDBB3D9EBAA}
	EndGlobalSection
EndGlobal
